
Microsoft Visual Studio Solution File, Format Version 12.00
# Visual Studio Version 17
VisualStudioVersion = 17.1.32421.90
MinimumVisualStudioVersion = 10.0.40219.1
Project("{9A19103F-16F7-4668-BE54-9A1E7A4F7556}") = "CityInfo.API", "CityInfo.API\CityInfo.API.csproj", "{5E63695A-8303-4E30-8630-9DFAB92EF36A}"
EndProject
Project("{FAE04EC0-301F-11D3-BF4B-00C04F79EFBC}") = "CourseLibrary.API", "CourseLibrary.API\CourseLibrary.API.csproj", "{699F6DCA-B9C2-4CE2-99F1-C10C84ACD209}"
EndProject
Global
	GlobalSection(SolutionConfigurationPlatforms) = preSolution
		Debug|Any CPU = Debug|Any CPU
		Release|Any CPU = Release|Any CPU
	EndGlobalSection
	GlobalSection(ProjectConfigurationPlatforms) = postSolution
		{5E63695A-8303-4E30-8630-9DFAB92EF36A}.Debug|Any CPU.ActiveCfg = Debug|Any CPU
		{5E63695A-8303-4E30-8630-9DFAB92EF36A}.Debug|Any CPU.Build.0 = Debug|Any CPU
		{5E63695A-8303-4E30-8630-9DFAB92EF36A}.Release|Any CPU.ActiveCfg = Release|Any CPU
		{5E63695A-8303-4E30-8630-9DFAB92EF36A}.Release|Any CPU.Build.0 = Release|Any CPU
		{699F6DCA-B9C2-4CE2-99F1-C10C84ACD209}.Debug|Any CPU.ActiveCfg = Debug|Any CPU
		{699F6DCA-B9C2-4CE2-99F1-C10C84ACD209}.Debug|Any CPU.Build.0 = Debug|Any CPU
		{699F6DCA-B9C2-4CE2-99F1-C10C84ACD209}.Release|Any CPU.ActiveCfg = Release|Any CPU
		{699F6DCA-B9C2-4CE2-99F1-C10C84ACD209}.Release|Any CPU.Build.0 = Release|Any CPU
	EndGlobalSection
	GlobalSection(SolutionProperties) = preSolution
		HideSolutionNode = FALSE
	EndGlobalSection
	GlobalSection(ExtensibilityGlobals) = postSolution
		SolutionGuid = {A77A28DC-41FE-4E4D-8418-A73BF9D11EEF}
	EndGlobalSection
EndGlobal
